
Microsoft Visual Studio Solution File, Format Version 12.00
# Visual Studio Version 17
VisualStudioVersion = 17.4.33213.308
MinimumVisualStudioVersion = 10.0.40219.1
Project("{FAE04EC0-301F-11D3-BF4B-00C04F79EFBC}") = "App12.Android", "App12\App12.Android\App12.Android.csproj", "{3B367F96-C615-4716-B97D-092F1F187C6C}"
EndProject
Project("{FAE04EC0-301F-11D3-BF4B-00C04F79EFBC}") = "App12.iOS", "App12\App12.iOS\App12.iOS.csproj", "{E5BB202F-B55C-49B6-A81F-006A584A4E7F}"
EndProject
Project("{FAE04EC0-301F-11D3-BF4B-00C04F79EFBC}") = "App12", "App12\App12\App12.csproj", "{EB199638-AE26-4154-B3E9-3BE099F038C4}"
EndProject
Global
	GlobalSection(SolutionConfigurationPlatforms) = preSolution
		Debug|Any CPU = Debug|Any CPU
		Debug|iPhone = Debug|iPhone
		Debug|iPhoneSimulator = Debug|iPhoneSimulator
		Release|Any CPU = Release|Any CPU
		Release|iPhone = Release|iPhone
		Release|iPhoneSimulator = Release|iPhoneSimulator
	EndGlobalSection
	GlobalSection(ProjectConfigurationPlatforms) = postSolution
		{3B367F96-C615-4716-B97D-092F1F187C6C}.Debug|Any CPU.ActiveCfg = Debug|Any CPU
		{3B367F96-C615-4716-B97D-092F1F187C6C}.Debug|Any CPU.Build.0 = Debug|Any CPU
		{3B367F96-C615-4716-B97D-092F1F187C6C}.Debug|Any CPU.Deploy.0 = Debug|Any CPU
		{3B367F96-C615-4716-B97D-092F1F187C6C}.Debug|iPhone.ActiveCfg = Debug|Any CPU
		{3B367F96-C615-4716-B97D-092F1F187C6C}.Debug|iPhone.Build.0 = Debug|Any CPU
		{3B367F96-C615-4716-B97D-092F1F187C6C}.Debug|iPhone.Deploy.0 = Debug|Any CPU
		{3B367F96-C615-4716-B97D-092F1F187C6C}.Debug|iPhoneSimulator.ActiveCfg = Debug|Any CPU
		{3B367F96-C615-4716-B97D-092F1F187C6C}.Debug|iPhoneSimulator.Build.0 = Debug|Any CPU
		{3B367F96-C615-4716-B97D-092F1F187C6C}.Debug|iPhoneSimulator.Deploy.0 = Debug|Any CPU
		{3B367F96-C615-4716-B97D-092F1F187C6C}.Release|Any CPU.ActiveCfg = Release|Any CPU
		{3B367F96-C615-4716-B97D-092F1F187C6C}.Release|Any CPU.Build.0 = Release|Any CPU
		{3B367F96-C615-4716-B97D-092F1F187C6C}.Release|Any CPU.Deploy.0 = Release|Any CPU
		{3B367F96-C615-4716-B97D-092F1F187C6C}.Release|iPhone.ActiveCfg = Release|Any CPU
		{3B367F96-C615-4716-B97D-092F1F187C6C}.Release|iPhone.Build.0 = Release|Any CPU
		{3B367F96-C615-4716-B97D-092F1F187C6C}.Release|iPhone.Deploy.0 = Release|Any CPU
		{3B367F96-C615-4716-B97D-092F1F187C6C}.Release|iPhoneSimulator.ActiveCfg = Release|Any CPU
		{3B367F96-C615-4716-B97D-092F1F187C6C}.Release|iPhoneSimulator.Build.0 = Release|Any CPU
		{3B367F96-C615-4716-B97D-092F1F187C6C}.Release|iPhoneSimulator.Deploy.0 = Release|Any CPU
		{E5BB202F-B55C-49B6-A81F-006A584A4E7F}.Debug|Any CPU.ActiveCfg = Debug|iPhone
		{E5BB202F-B55C-49B6-A81F-006A584A4E7F}.Debug|Any CPU.Build.0 = Debug|iPhone
		{E5BB202F-B55C-49B6-A81F-006A584A4E7F}.Debug|Any CPU.Deploy.0 = Debug|iPhone
		{E5BB202F-B55C-49B6-A81F-006A584A4E7F}.Debug|iPhone.ActiveCfg = Debug|iPhone
		{E5BB202F-B55C-49B6-A81F-006A584A4E7F}.Debug|iPhone.Build.0 = Debug|iPhone
		{E5BB202F-B55C-49B6-A81F-006A584A4E7F}.Debug|iPhone.Deploy.0 = Debug|iPhone
		{E5BB202F-B55C-49B6-A81F-006A584A4E7F}.Debug|iPhoneSimulator.ActiveCfg = Debug|iPhoneSimulator
		{E5BB202F-B55C-49B6-A81F-006A584A4E7F}.Debug|iPhoneSimulator.Build.0 = Debug|iPhoneSimulator
		{E5BB202F-B55C-49B6-A81F-006A584A4E7F}.Debug|iPhoneSimulator.Deploy.0 = Debug|iPhoneSimulator
		{E5BB202F-B55C-49B6-A81F-006A584A4E7F}.Release|Any CPU.ActiveCfg = Release|iPhoneSimulator
		{E5BB202F-B55C-49B6-A81F-006A584A4E7F}.Release|Any CPU.Build.0 = Release|iPhoneSimulator
		{E5BB202F-B55C-49B6-A81F-006A584A4E7F}.Release|Any CPU.Deploy.0 = Release|iPhoneSimulator
		{E5BB202F-B55C-49B6-A81F-006A584A4E7F}.Release|iPhone.ActiveCfg = Release|iPhone
		{E5BB202F-B55C-49B6-A81F-006A584A4E7F}.Release|iPhone.Build.0 = Release|iPhone
		{E5BB202F-B55C-49B6-A81F-006A584A4E7F}.Release|iPhone.Deploy.0 = Release|iPhone
		{E5BB202F-B55C-49B6-A81F-006A584A4E7F}.Release|iPhoneSimulator.ActiveCfg = Release|iPhoneSimulator
		{E5BB202F-B55C-49B6-A81F-006A584A4E7F}.Release|iPhoneSimulator.Build.0 = Release|iPhoneSimulator
		{E5BB202F-B55C-49B6-A81F-006A584A4E7F}.Release|iPhoneSimulator.Deploy.0 = Release|iPhoneSimulator
		{EB199638-AE26-4154-B3E9-3BE099F038C4}.Debug|Any CPU.ActiveCfg = Debug|Any CPU
		{EB199638-AE26-4154-B3E9-3BE099F038C4}.Debug|Any CPU.Build.0 = Debug|Any CPU
		{EB199638-AE26-4154-B3E9-3BE099F038C4}.Debug|Any CPU.Deploy.0 = Debug|Any CPU
		{EB199638-AE26-4154-B3E9-3BE099F038C4}.Debug|iPhone.ActiveCfg = Debug|Any CPU
		{EB199638-AE26-4154-B3E9-3BE099F038C4}.Debug|iPhone.Build.0 = Debug|Any CPU
		{EB199638-AE26-4154-B3E9-3BE099F038C4}.Debug|iPhone.Deploy.0 = Debug|Any CPU
		{EB199638-AE26-4154-B3E9-3BE099F038C4}.Debug|iPhoneSimulator.ActiveCfg = Debug|Any CPU
		{EB199638-AE26-4154-B3E9-3BE099F038C4}.Debug|iPhoneSimulator.Build.0 = Debug|Any CPU
		{EB199638-AE26-4154-B3E9-3BE099F038C4}.Debug|iPhoneSimulator.Deploy.0 = Debug|Any CPU
		{EB199638-AE26-4154-B3E9-3BE099F038C4}.Release|Any CPU.ActiveCfg = Release|Any CPU
		{EB199638-AE26-4154-B3E9-3BE099F038C4}.Release|Any CPU.Build.0 = Release|Any CPU
		{EB199638-AE26-4154-B3E9-3BE099F038C4}.Release|Any CPU.Deploy.0 = Release|Any CPU
		{EB199638-AE26-4154-B3E9-3BE099F038C4}.Release|iPhone.ActiveCfg = Release|Any CPU
		{EB199638-AE26-4154-B3E9-3BE099F038C4}.Release|iPhone.Build.0 = Release|Any CPU
		{EB199638-AE26-4154-B3E9-3BE099F038C4}.Release|iPhone.Deploy.0 = Release|Any CPU
		{EB199638-AE26-4154-B3E9-3BE099F038C4}.Release|iPhoneSimulator.ActiveCfg = Release|Any CPU
		{EB199638-AE26-4154-B3E9-3BE099F038C4}.Release|iPhoneSimulator.Build.0 = Release|Any CPU
		{EB199638-AE26-4154-B3E9-3BE099F038C4}.Release|iPhoneSimulator.Deploy.0 = Release|Any CPU
	EndGlobalSection
	GlobalSection(SolutionProperties) = preSolution
		HideSolutionNode = FALSE
	EndGlobalSection
	GlobalSection(ExtensibilityGlobals) = postSolution
		SolutionGuid = {14C61247-48AE-4B78-9326-1266F7472989}
	EndGlobalSection
EndGlobal
